
Microsoft Visual Studio Solution File, Format Version 12.00
# Visual Studio Version 16
VisualStudioVersion = 16.0.30626.31
MinimumVisualStudioVersion = 10.0.40219.1
Project("{9A19103F-16F7-4668-BE54-9A1E7A4F7556}") = "Pazar.Ads", "Pazar.Ads\Pazar.Ads.csproj", "{BACAC78B-A986-4C45-904A-15E9B979DC3B}"
EndProject
Project("{9A19103F-16F7-4668-BE54-9A1E7A4F7556}") = "Pazar.Core", "Pazar.Core\Pazar.Core.csproj", "{6AF6A81C-08DD-479F-B79C-0FA2B6122CF6}"
EndProject
Project("{9A19103F-16F7-4668-BE54-9A1E7A4F7556}") = "Pazar.Watchdog", "Pazar.Watchdog\Pazar.Watchdog.csproj", "{57D3BE25-FE05-4C8A-B1F7-F3687859EC8F}"
EndProject
Project("{9A19103F-16F7-4668-BE54-9A1E7A4F7556}") = "Pazar.Identity", "Pazar.Identity\Pazar.Identity.csproj", "{18D99853-3016-49A6-8F9D-1F22BBEDE72C}"
EndProject
Global
	GlobalSection(SolutionConfigurationPlatforms) = preSolution
		Debug|Any CPU = Debug|Any CPU
		Release|Any CPU = Release|Any CPU
	EndGlobalSection
	GlobalSection(ProjectConfigurationPlatforms) = postSolution
		{BACAC78B-A986-4C45-904A-15E9B979DC3B}.Debug|Any CPU.ActiveCfg = Debug|Any CPU
		{BACAC78B-A986-4C45-904A-15E9B979DC3B}.Debug|Any CPU.Build.0 = Debug|Any CPU
		{BACAC78B-A986-4C45-904A-15E9B979DC3B}.Release|Any CPU.ActiveCfg = Release|Any CPU
		{BACAC78B-A986-4C45-904A-15E9B979DC3B}.Release|Any CPU.Build.0 = Release|Any CPU
		{6AF6A81C-08DD-479F-B79C-0FA2B6122CF6}.Debug|Any CPU.ActiveCfg = Debug|Any CPU
		{6AF6A81C-08DD-479F-B79C-0FA2B6122CF6}.Debug|Any CPU.Build.0 = Debug|Any CPU
		{6AF6A81C-08DD-479F-B79C-0FA2B6122CF6}.Release|Any CPU.ActiveCfg = Release|Any CPU
		{6AF6A81C-08DD-479F-B79C-0FA2B6122CF6}.Release|Any CPU.Build.0 = Release|Any CPU
		{57D3BE25-FE05-4C8A-B1F7-F3687859EC8F}.Debug|Any CPU.ActiveCfg = Debug|Any CPU
		{57D3BE25-FE05-4C8A-B1F7-F3687859EC8F}.Debug|Any CPU.Build.0 = Debug|Any CPU
		{57D3BE25-FE05-4C8A-B1F7-F3687859EC8F}.Release|Any CPU.ActiveCfg = Release|Any CPU
		{57D3BE25-FE05-4C8A-B1F7-F3687859EC8F}.Release|Any CPU.Build.0 = Release|Any CPU
		{18D99853-3016-49A6-8F9D-1F22BBEDE72C}.Debug|Any CPU.ActiveCfg = Debug|Any CPU
		{18D99853-3016-49A6-8F9D-1F22BBEDE72C}.Debug|Any CPU.Build.0 = Debug|Any CPU
		{18D99853-3016-49A6-8F9D-1F22BBEDE72C}.Release|Any CPU.ActiveCfg = Release|Any CPU
		{18D99853-3016-49A6-8F9D-1F22BBEDE72C}.Release|Any CPU.Build.0 = Release|Any CPU
	EndGlobalSection
	GlobalSection(SolutionProperties) = preSolution
		HideSolutionNode = FALSE
	EndGlobalSection
	GlobalSection(ExtensibilityGlobals) = postSolution
		SolutionGuid = {E0F019E3-4104-4D56-A103-241390080528}
	EndGlobalSection
EndGlobal
